
Microsoft Visual Studio Solution File, Format Version 12.00
# Visual Studio Version 17
VisualStudioVersion = 17.6.33801.468
MinimumVisualStudioVersion = 10.0.40219.1
Project("{9A19103F-16F7-4668-BE54-9A1E7A4F7556}") = "APIFinanceiro", "APIFinanceiro\APIFinanceiro.csproj", "{B631B83C-86BA-411A-89D9-70E3E5B50B43}"
EndProject
Project("{FAE04EC0-301F-11D3-BF4B-00C04F79EFBC}") = "APIFinanceiro.Model", "APIFinanceiro.Model\APIFinanceiro.Model.csproj", "{23731CD6-1F97-4D37-A406-0E54F46485B9}"
EndProject
Project("{FAE04EC0-301F-11D3-BF4B-00C04F79EFBC}") = "APIFinanceiro.Business", "APIFinanceiro.Business\APIFinanceiro.Business.csproj", "{4C4E29B3-6AA0-4671-95F3-08A5EA6320D6}"
EndProject
Project("{FAE04EC0-301F-11D3-BF4B-00C04F79EFBC}") = "APIFinanceiro.Data", "APIFinanceiro.Data\APIFinanceiro.Data.csproj", "{80E36318-E17F-4DF0-9C97-5AEC3C4FDB54}"
EndProject
Global
	GlobalSection(SolutionConfigurationPlatforms) = preSolution
		Debug|Any CPU = Debug|Any CPU
		Release|Any CPU = Release|Any CPU
	EndGlobalSection
	GlobalSection(ProjectConfigurationPlatforms) = postSolution
		{B631B83C-86BA-411A-89D9-70E3E5B50B43}.Debug|Any CPU.ActiveCfg = Debug|Any CPU
		{B631B83C-86BA-411A-89D9-70E3E5B50B43}.Debug|Any CPU.Build.0 = Debug|Any CPU
		{B631B83C-86BA-411A-89D9-70E3E5B50B43}.Release|Any CPU.ActiveCfg = Release|Any CPU
		{B631B83C-86BA-411A-89D9-70E3E5B50B43}.Release|Any CPU.Build.0 = Release|Any CPU
		{23731CD6-1F97-4D37-A406-0E54F46485B9}.Debug|Any CPU.ActiveCfg = Debug|Any CPU
		{23731CD6-1F97-4D37-A406-0E54F46485B9}.Debug|Any CPU.Build.0 = Debug|Any CPU
		{23731CD6-1F97-4D37-A406-0E54F46485B9}.Release|Any CPU.ActiveCfg = Release|Any CPU
		{23731CD6-1F97-4D37-A406-0E54F46485B9}.Release|Any CPU.Build.0 = Release|Any CPU
		{4C4E29B3-6AA0-4671-95F3-08A5EA6320D6}.Debug|Any CPU.ActiveCfg = Debug|Any CPU
		{4C4E29B3-6AA0-4671-95F3-08A5EA6320D6}.Debug|Any CPU.Build.0 = Debug|Any CPU
		{4C4E29B3-6AA0-4671-95F3-08A5EA6320D6}.Release|Any CPU.ActiveCfg = Release|Any CPU
		{4C4E29B3-6AA0-4671-95F3-08A5EA6320D6}.Release|Any CPU.Build.0 = Release|Any CPU
		{80E36318-E17F-4DF0-9C97-5AEC3C4FDB54}.Debug|Any CPU.ActiveCfg = Debug|Any CPU
		{80E36318-E17F-4DF0-9C97-5AEC3C4FDB54}.Debug|Any CPU.Build.0 = Debug|Any CPU
		{80E36318-E17F-4DF0-9C97-5AEC3C4FDB54}.Release|Any CPU.ActiveCfg = Release|Any CPU
		{80E36318-E17F-4DF0-9C97-5AEC3C4FDB54}.Release|Any CPU.Build.0 = Release|Any CPU
	EndGlobalSection
	GlobalSection(SolutionProperties) = preSolution
		HideSolutionNode = FALSE
	EndGlobalSection
	GlobalSection(ExtensibilityGlobals) = postSolution
		SolutionGuid = {A9540214-280A-478C-A08B-C210F7490E90}
	EndGlobalSection
EndGlobal
